
Microsoft Visual Studio Solution File, Format Version 12.00
# Visual Studio Version 17
VisualStudioVersion = 17.8.34330.188
MinimumVisualStudioVersion = 10.0.40219.1
Project("{8BC9CEB8-8B4A-11D0-8D11-00A0C91BC942}") = "EngineBase", "EngineBase\EngineBase.vcxproj", "{2DCACCEB-E22C-4E80-AB60-59527B2A326D}"
EndProject
Project("{8BC9CEB8-8B4A-11D0-8D11-00A0C91BC942}") = "EnginePlatform", "EnginePlatform\EnginePlatform.vcxproj", "{E03A362B-DFE1-47FF-BE0C-407F97BA8141}"
EndProject
Project("{2150E333-8FDC-42A3-9474-1A3956D46DE8}") = "Level 1", "Level 1", "{DF9C0E78-3AB1-4CF7-ABF9-B25A646A0AFA}"
EndProject
Project("{2150E333-8FDC-42A3-9474-1A3956D46DE8}") = "Level 2", "Level 2", "{6546CE3B-7CD5-47AB-B5A8-349C7BCFDD88}"
EndProject
Project("{8BC9CEB8-8B4A-11D0-8D11-00A0C91BC942}") = "EngineCore", "EngineCore\EngineCore.vcxproj", "{206E8EE2-2D62-4BB7-A84E-6613A658B119}"
EndProject
Project("{2150E333-8FDC-42A3-9474-1A3956D46DE8}") = "Level 0", "Level 0", "{682ED1C3-4A6D-4596-BB0E-41A95BBBD5F7}"
EndProject
Project("{2150E333-8FDC-42A3-9474-1A3956D46DE8}") = "Level 3", "Level 3", "{AAB0127D-D50C-4078-AD00-A20FCC8DF7E7}"
EndProject
Project("{8BC9CEB8-8B4A-11D0-8D11-00A0C91BC942}") = "Mario", "Mario\Mario.vcxproj", "{493A7BB5-3E27-4C18-9594-88022164873C}"
EndProject
Project("{8BC9CEB8-8B4A-11D0-8D11-00A0C91BC942}") = "App", "App\App.vcxproj", "{8A9D198E-981F-4F9D-8241-F9DE8645BED2}"
EndProject
Project("{2150E333-8FDC-42A3-9474-1A3956D46DE8}") = "Level 4", "Level 4", "{968615A4-667B-4952-BFA5-03AC6664CFBE}"
EndProject
Global
	GlobalSection(SolutionConfigurationPlatforms) = preSolution
		Debug|x64 = Debug|x64
		Debug|x86 = Debug|x86
		Release|x64 = Release|x64
		Release|x86 = Release|x86
	EndGlobalSection
	GlobalSection(ProjectConfigurationPlatforms) = postSolution
		{2DCACCEB-E22C-4E80-AB60-59527B2A326D}.Debug|x64.ActiveCfg = Debug|x64
		{2DCACCEB-E22C-4E80-AB60-59527B2A326D}.Debug|x64.Build.0 = Debug|x64
		{2DCACCEB-E22C-4E80-AB60-59527B2A326D}.Debug|x86.ActiveCfg = Debug|Win32
		{2DCACCEB-E22C-4E80-AB60-59527B2A326D}.Debug|x86.Build.0 = Debug|Win32
		{2DCACCEB-E22C-4E80-AB60-59527B2A326D}.Release|x64.ActiveCfg = Release|x64
		{2DCACCEB-E22C-4E80-AB60-59527B2A326D}.Release|x64.Build.0 = Release|x64
		{2DCACCEB-E22C-4E80-AB60-59527B2A326D}.Release|x86.ActiveCfg = Release|Win32
		{2DCACCEB-E22C-4E80-AB60-59527B2A326D}.Release|x86.Build.0 = Release|Win32
		{E03A362B-DFE1-47FF-BE0C-407F97BA8141}.Debug|x64.ActiveCfg = Debug|x64
		{E03A362B-DFE1-47FF-BE0C-407F97BA8141}.Debug|x64.Build.0 = Debug|x64
		{E03A362B-DFE1-47FF-BE0C-407F97BA8141}.Debug|x86.ActiveCfg = Debug|Win32
		{E03A362B-DFE1-47FF-BE0C-407F97BA8141}.Debug|x86.Build.0 = Debug|Win32
		{E03A362B-DFE1-47FF-BE0C-407F97BA8141}.Release|x64.ActiveCfg = Release|x64
		{E03A362B-DFE1-47FF-BE0C-407F97BA8141}.Release|x64.Build.0 = Release|x64
		{E03A362B-DFE1-47FF-BE0C-407F97BA8141}.Release|x86.ActiveCfg = Release|Win32
		{E03A362B-DFE1-47FF-BE0C-407F97BA8141}.Release|x86.Build.0 = Release|Win32
		{206E8EE2-2D62-4BB7-A84E-6613A658B119}.Debug|x64.ActiveCfg = Debug|x64
		{206E8EE2-2D62-4BB7-A84E-6613A658B119}.Debug|x64.Build.0 = Debug|x64
		{206E8EE2-2D62-4BB7-A84E-6613A658B119}.Debug|x86.ActiveCfg = Debug|Win32
		{206E8EE2-2D62-4BB7-A84E-6613A658B119}.Debug|x86.Build.0 = Debug|Win32
		{206E8EE2-2D62-4BB7-A84E-6613A658B119}.Release|x64.ActiveCfg = Release|x64
		{206E8EE2-2D62-4BB7-A84E-6613A658B119}.Release|x64.Build.0 = Release|x64
		{206E8EE2-2D62-4BB7-A84E-6613A658B119}.Release|x86.ActiveCfg = Release|Win32
		{206E8EE2-2D62-4BB7-A84E-6613A658B119}.Release|x86.Build.0 = Release|Win32
		{493A7BB5-3E27-4C18-9594-88022164873C}.Debug|x64.ActiveCfg = Debug|x64
		{493A7BB5-3E27-4C18-9594-88022164873C}.Debug|x64.Build.0 = Debug|x64
		{493A7BB5-3E27-4C18-9594-88022164873C}.Debug|x86.ActiveCfg = Debug|Win32
		{493A7BB5-3E27-4C18-9594-88022164873C}.Debug|x86.Build.0 = Debug|Win32
		{493A7BB5-3E27-4C18-9594-88022164873C}.Release|x64.ActiveCfg = Release|x64
		{493A7BB5-3E27-4C18-9594-88022164873C}.Release|x64.Build.0 = Release|x64
		{493A7BB5-3E27-4C18-9594-88022164873C}.Release|x86.ActiveCfg = Release|Win32
		{493A7BB5-3E27-4C18-9594-88022164873C}.Release|x86.Build.0 = Release|Win32
		{8A9D198E-981F-4F9D-8241-F9DE8645BED2}.Debug|x64.ActiveCfg = Debug|x64
		{8A9D198E-981F-4F9D-8241-F9DE8645BED2}.Debug|x64.Build.0 = Debug|x64
		{8A9D198E-981F-4F9D-8241-F9DE8645BED2}.Debug|x86.ActiveCfg = Debug|Win32
		{8A9D198E-981F-4F9D-8241-F9DE8645BED2}.Debug|x86.Build.0 = Debug|Win32
		{8A9D198E-981F-4F9D-8241-F9DE8645BED2}.Release|x64.ActiveCfg = Release|x64
		{8A9D198E-981F-4F9D-8241-F9DE8645BED2}.Release|x64.Build.0 = Release|x64
		{8A9D198E-981F-4F9D-8241-F9DE8645BED2}.Release|x86.ActiveCfg = Release|Win32
		{8A9D198E-981F-4F9D-8241-F9DE8645BED2}.Release|x86.Build.0 = Release|Win32
	EndGlobalSection
	GlobalSection(SolutionProperties) = preSolution
		HideSolutionNode = FALSE
	EndGlobalSection
	GlobalSection(NestedProjects) = preSolution
		{2DCACCEB-E22C-4E80-AB60-59527B2A326D} = {682ED1C3-4A6D-4596-BB0E-41A95BBBD5F7}
		{E03A362B-DFE1-47FF-BE0C-407F97BA8141} = {DF9C0E78-3AB1-4CF7-ABF9-B25A646A0AFA}
		{206E8EE2-2D62-4BB7-A84E-6613A658B119} = {6546CE3B-7CD5-47AB-B5A8-349C7BCFDD88}
		{493A7BB5-3E27-4C18-9594-88022164873C} = {AAB0127D-D50C-4078-AD00-A20FCC8DF7E7}
		{8A9D198E-981F-4F9D-8241-F9DE8645BED2} = {968615A4-667B-4952-BFA5-03AC6664CFBE}
	EndGlobalSection
	GlobalSection(ExtensibilityGlobals) = postSolution
		SolutionGuid = {B3369769-F62B-4C20-ABA3-11795ED02076}
	EndGlobalSection
EndGlobal
