<?xml version="1.0" encoding="utf-8"?>
<Project ToolsVersion="4.0" xmlns="http://schemas.microsoft.com/developer/msbuild/2003">
  <ItemGroup>
    <ClInclude Include="Fire.h">
      <Filter>Actor\Fire</Filter>
    </ClInclude>
    <ClInclude Include="PlayLevel.h">
      <Filter>Level\Stage1</Filter>
    </ClInclude>
    <ClInclude Include="ContentsCore.h">
      <Filter>Core</Filter>
    </ClInclude>
    <ClInclude Include="Mario.h">
      <Filter>Actor\Mario</Filter>
    </ClInclude>
    <ClInclude Include="TitleLogo.h">
      <Filter>Level\Title</Filter>
    </ClInclude>
    <ClInclude Include="TitleLevel.h">
      <Filter>Level\Title</Filter>
    </ClInclude>
    <ClInclude Include="MarioLevelBase.h">
      <Filter>Actor</Filter>
    </ClInclude>
    <ClInclude Include="MarioHelper.h" />
    <ClInclude Include="Stage1_Map.h">
      <Filter>Level\Stage1</Filter>
    </ClInclude>
    <ClInclude Include="GreenTroopa.h">
      <Filter>Actor\Monster</Filter>
    </ClInclude>
    <ClInclude Include="Plant.h">
      <Filter>Actor\Monster</Filter>
    </ClInclude>
    <ClInclude Include="MarioBlock.h">
      <Filter>Actor\Block</Filter>
    </ClInclude>
    <ClInclude Include="MarioBrick.h">
      <Filter>Actor\Block</Filter>
    </ClInclude>
    <ClInclude Include="MushRoom.h">
      <Filter>Actor\Item</Filter>
    </ClInclude>
    <ClInclude Include="MarioUI.h">
      <Filter>UI</Filter>
    </ClInclude>
    <ClInclude Include="Coin.h">
      <Filter>Actor\Item</Filter>
    </ClInclude>
    <ClInclude Include="MonsterBase.h">
      <Filter>Actor\Monster</Filter>
    </ClInclude>
    <ClInclude Include="MonsterGoomba.h">
      <Filter>Actor\Monster</Filter>
    </ClInclude>
    <ClInclude Include="PhysicsActor.h">
      <Filter>Actor\Base</Filter>
    </ClInclude>
    <ClInclude Include="CollisionActor.h">
      <Filter>Actor\Base</Filter>
    </ClInclude>
    <ClInclude Include="ItemBase.h">
      <Filter>Actor\Item</Filter>
    </ClInclude>
    <ClInclude Include="Flag.h">
      <Filter>Actor\Object</Filter>
    </ClInclude>
    <ClInclude Include="BlockBase.h">
      <Filter>Actor\Block</Filter>
    </ClInclude>
    <ClInclude Include="ItemFlower.h">
      <Filter>Actor\Item</Filter>
    </ClInclude>
    <ClInclude Include="BrokenBrick.h">
      <Filter>Actor\Block</Filter>
    </ClInclude>
    <ClInclude Include="FireEnd.h">
      <Filter>Actor\Fire</Filter>
    </ClInclude>
    <ClInclude Include="LoadingLevel.h">
      <Filter>Level\UtilityLevel</Filter>
    </ClInclude>
    <ClInclude Include="TestLevel.h">
      <Filter>Level\UtilityLevel</Filter>
    </ClInclude>
    <ClInclude Include="LoadingUI.h">
      <Filter>UI</Filter>
    </ClInclude>
    <ClInclude Include="Door.h">
      <Filter>Actor\Object</Filter>
    </ClInclude>
    <ClInclude Include="Pipe.h">
      <Filter>Actor\Object</Filter>
    </ClInclude>
    <ClInclude Include="LeftPipe.h">
      <Filter>Actor\Object</Filter>
    </ClInclude>
    <ClInclude Include="UpPipe.h">
      <Filter>Actor\Object</Filter>
    </ClInclude>
    <ClInclude Include="PipeCheat.h">
      <Filter>Actor\Object</Filter>
    </ClInclude>
    <ClInclude Include="Koopa.h">
      <Filter>Actor\Monster\Koopa</Filter>
    </ClInclude>
    <ClInclude Include="Hammer.h">
      <Filter>Actor\Monster\Koopa</Filter>
    </ClInclude>
    <ClInclude Include="KoopaFire.h">
      <Filter>Actor\Monster\Koopa</Filter>
    </ClInclude>
    <ClInclude Include="LastLevel.h">
      <Filter>Level\LastLevel</Filter>
    </ClInclude>
    <ClInclude Include="FireWall.h">
      <Filter>Actor\Object</Filter>
    </ClInclude>
    <ClInclude Include="Flat.h">
      <Filter>Actor\Object</Filter>
    </ClInclude>
    <ClInclude Include="EndingDoor.h">
      <Filter>Actor\Object</Filter>
    </ClInclude>
    <ClInclude Include="EndingMessage.h">
      <Filter>Level\LastLevel</Filter>
    </ClInclude>
  </ItemGroup>
  <ItemGroup>
    <ClCompile Include="Fire.cpp">
      <Filter>Actor\Fire</Filter>
    </ClCompile>
    <ClCompile Include="PlayLevel.cpp">
      <Filter>Level\Stage1</Filter>
    </ClCompile>
    <ClCompile Include="ContentsCore.cpp">
      <Filter>Core</Filter>
    </ClCompile>
    <ClCompile Include="Mario.cpp">
      <Filter>Actor\Mario</Filter>
    </ClCompile>
    <ClCompile Include="TitleLogo.cpp">
      <Filter>Level\Title</Filter>
    </ClCompile>
    <ClCompile Include="TitleLevel.cpp">
      <Filter>Level\Title</Filter>
    </ClCompile>
    <ClCompile Include="MarioLevelBase.cpp">
      <Filter>Actor</Filter>
    </ClCompile>
    <ClCompile Include="MarioHelper.cpp" />
    <ClCompile Include="Stage1_Map.cpp">
      <Filter>Level\Stage1</Filter>
    </ClCompile>
    <ClCompile Include="GreenTroopa.cpp">
      <Filter>Actor\Monster</Filter>
    </ClCompile>
    <ClCompile Include="Plant.cpp">
      <Filter>Actor\Monster</Filter>
    </ClCompile>
    <ClCompile Include="MarioBlock.cpp">
      <Filter>Actor\Block</Filter>
    </ClCompile>
    <ClCompile Include="MarioBrick.cpp">
      <Filter>Actor\Block</Filter>
    </ClCompile>
    <ClCompile Include="MushRoom.cpp">
      <Filter>Actor\Item</Filter>
    </ClCompile>
    <ClCompile Include="MarioUI.cpp">
      <Filter>UI</Filter>
    </ClCompile>
    <ClCompile Include="Coin.cpp">
      <Filter>Actor\Item</Filter>
    </ClCompile>
    <ClCompile Include="MonsterBase.cpp">
      <Filter>Actor\Monster</Filter>
    </ClCompile>
    <ClCompile Include="MonsterGoomba.cpp">
      <Filter>Actor\Monster</Filter>
    </ClCompile>
    <ClCompile Include="PhysicsActor.cpp">
      <Filter>Actor\Base</Filter>
    </ClCompile>
    <ClCompile Include="CollisionActor.cpp">
      <Filter>Actor\Base</Filter>
    </ClCompile>
    <ClCompile Include="ItemBase.cpp">
      <Filter>Actor\Item</Filter>
    </ClCompile>
    <ClCompile Include="Flag.cpp">
      <Filter>Actor\Object</Filter>
    </ClCompile>
    <ClCompile Include="BlockBase.cpp">
      <Filter>Actor\Block</Filter>
    </ClCompile>
    <ClCompile Include="ItemFlower.cpp">
      <Filter>Actor\Item</Filter>
    </ClCompile>
    <ClCompile Include="BrokenBrick.cpp">
      <Filter>Actor\Block</Filter>
    </ClCompile>
    <ClCompile Include="FireEnd.cpp">
      <Filter>Actor\Fire</Filter>
    </ClCompile>
    <ClCompile Include="LoadingLevel.cpp">
      <Filter>Level\UtilityLevel</Filter>
    </ClCompile>
    <ClCompile Include="TestLevel.cpp">
      <Filter>Level\UtilityLevel</Filter>
    </ClCompile>
    <ClCompile Include="LoadingUI.cpp">
      <Filter>UI</Filter>
    </ClCompile>
    <ClCompile Include="Door.cpp">
      <Filter>Actor\Object</Filter>
    </ClCompile>
    <ClCompile Include="Pipe.cpp">
      <Filter>Actor\Object</Filter>
    </ClCompile>
    <ClCompile Include="LeftPipe.cpp">
      <Filter>Actor\Object</Filter>
    </ClCompile>
    <ClCompile Include="UpPipe.cpp">
      <Filter>Actor\Object</Filter>
    </ClCompile>
    <ClCompile Include="PipeCheat.cpp">
      <Filter>Actor\Object</Filter>
    </ClCompile>
    <ClCompile Include="Koopa.cpp">
      <Filter>Actor\Monster\Koopa</Filter>
    </ClCompile>
    <ClCompile Include="Hammer.cpp">
      <Filter>Actor\Monster\Koopa</Filter>
    </ClCompile>
    <ClCompile Include="KoopaFire.cpp">
      <Filter>Actor\Monster\Koopa</Filter>
    </ClCompile>
    <ClCompile Include="LastLevel.cpp">
      <Filter>Level\LastLevel</Filter>
    </ClCompile>
    <ClCompile Include="FireWall.cpp">
      <Filter>Actor\Object</Filter>
    </ClCompile>
    <ClCompile Include="Flat.cpp">
      <Filter>Actor\Object</Filter>
    </ClCompile>
    <ClCompile Include="EndingDoor.cpp">
      <Filter>Actor\Object</Filter>
    </ClCompile>
    <ClCompile Include="EndingMessage.cpp">
      <Filter>Level\LastLevel</Filter>
    </ClCompile>
  </ItemGroup>
  <ItemGroup>
    <Filter Include="Actor">
      <UniqueIdentifier>{6d948f19-da4e-433b-8724-ad634e478700}</UniqueIdentifier>
    </Filter>
    <Filter Include="Actor\Fire">
      <UniqueIdentifier>{5967437c-ee93-487a-937c-9c587b40ed97}</UniqueIdentifier>
    </Filter>
    <Filter Include="Core">
      <UniqueIdentifier>{e897857a-7cdf-4e99-8bd2-4d967cfc0fc5}</UniqueIdentifier>
    </Filter>
    <Filter Include="Actor\Mario">
      <UniqueIdentifier>{57735b2c-00f7-4327-a0fc-08547a023f9b}</UniqueIdentifier>
    </Filter>
    <Filter Include="Actor\Monster">
      <UniqueIdentifier>{a8601e0d-79e0-4a18-aa9a-945182360483}</UniqueIdentifier>
    </Filter>
    <Filter Include="Actor\Block">
      <UniqueIdentifier>{47195953-f11a-4579-8f0b-6ec8f61341b8}</UniqueIdentifier>
    </Filter>
    <Filter Include="Actor\Item">
      <UniqueIdentifier>{77234dd3-b766-4eb0-b88a-9fff9bbd7d24}</UniqueIdentifier>
    </Filter>
    <Filter Include="UI">
      <UniqueIdentifier>{03ad46db-b318-40b6-888c-7cb8e58f9f4a}</UniqueIdentifier>
    </Filter>
    <Filter Include="Actor\Base">
      <UniqueIdentifier>{7ec14596-3f94-427b-9bec-4c91ad2a3877}</UniqueIdentifier>
    </Filter>
    <Filter Include="Actor\Object">
      <UniqueIdentifier>{032af010-e7cf-4fca-ab49-2c3507838581}</UniqueIdentifier>
    </Filter>
    <Filter Include="Level">
      <UniqueIdentifier>{bc2b2a27-deed-4a3a-a130-e5e0298229cd}</UniqueIdentifier>
    </Filter>
    <Filter Include="Level\Stage1">
      <UniqueIdentifier>{e1247206-7384-4814-9dfa-56d2e7cb058a}</UniqueIdentifier>
    </Filter>
    <Filter Include="Level\UtilityLevel">
      <UniqueIdentifier>{1031374a-a666-4dfb-ac32-951a964a3351}</UniqueIdentifier>
    </Filter>
    <Filter Include="Actor\Monster\Koopa">
      <UniqueIdentifier>{09244d69-e0b2-47df-be50-2456bfd79bd3}</UniqueIdentifier>
    </Filter>
    <Filter Include="Level\LastLevel">
      <UniqueIdentifier>{757ee798-c026-4ae6-aa69-4f04ff8945c2}</UniqueIdentifier>
    </Filter>
    <Filter Include="Level\Title">
      <UniqueIdentifier>{bd9602ee-0b27-48ba-a313-220877c35d51}</UniqueIdentifier>
    </Filter>
  </ItemGroup>
</Project>