<?xml version="1.0" encoding="utf-8"?>
<Project ToolsVersion="4.0" xmlns="http://schemas.microsoft.com/developer/msbuild/2003">
  <ItemGroup>
    <ClInclude Include="Level.h">
      <Filter>Object</Filter>
    </ClInclude>
    <ClInclude Include="NameObject.h">
      <Filter>Object</Filter>
    </ClInclude>
    <ClInclude Include="TickObject.h">
      <Filter>Object</Filter>
    </ClInclude>
    <ClInclude Include="EngineCore.h">
      <Filter>Core</Filter>
    </ClInclude>
    <ClInclude Include="Actor.h">
      <Filter>Object\Actor</Filter>
    </ClInclude>
    <ClInclude Include="ImageRenderer.h">
      <Filter>Object\Component\Renderer</Filter>
    </ClInclude>
    <ClInclude Include="ActorComponent.h">
      <Filter>Object\Component</Filter>
    </ClInclude>
    <ClInclude Include="SceneComponent.h">
      <Filter>Object\Component</Filter>
    </ClInclude>
    <ClInclude Include="EngineResourcesManager.h">
      <Filter>Resources</Filter>
    </ClInclude>
    <ClInclude Include="Image.h">
      <Filter>Resources</Filter>
    </ClInclude>
  </ItemGroup>
  <ItemGroup>
    <ClCompile Include="Level.cpp">
      <Filter>Object</Filter>
    </ClCompile>
    <ClCompile Include="NameObject.cpp">
      <Filter>Object</Filter>
    </ClCompile>
    <ClCompile Include="TickObject.cpp">
      <Filter>Object</Filter>
    </ClCompile>
    <ClCompile Include="EngineCore.cpp">
      <Filter>Core</Filter>
    </ClCompile>
    <ClCompile Include="Actor.cpp">
      <Filter>Object\Actor</Filter>
    </ClCompile>
    <ClCompile Include="ImageRenderer.cpp">
      <Filter>Object\Component\Renderer</Filter>
    </ClCompile>
    <ClCompile Include="ActorComponent.cpp">
      <Filter>Object\Component</Filter>
    </ClCompile>
    <ClCompile Include="SceneComponent.cpp">
      <Filter>Object\Component</Filter>
    </ClCompile>
    <ClCompile Include="EngineResourcesManager.cpp">
      <Filter>Resources</Filter>
    </ClCompile>
    <ClCompile Include="Image.cpp">
      <Filter>Resources</Filter>
    </ClCompile>
  </ItemGroup>
  <ItemGroup>
    <Filter Include="Core">
      <UniqueIdentifier>{ff2a4eaa-f731-40eb-8a96-01702f5c37eb}</UniqueIdentifier>
    </Filter>
    <Filter Include="Object">
      <UniqueIdentifier>{d669f8fc-5864-4824-9665-e047e226e332}</UniqueIdentifier>
    </Filter>
    <Filter Include="Object\Actor">
      <UniqueIdentifier>{0e16644a-b6d4-42bc-8f1a-15f76a4d7826}</UniqueIdentifier>
    </Filter>
    <Filter Include="Object\Component">
      <UniqueIdentifier>{f429e7c8-89a3-4658-aeb7-76ee5f72a192}</UniqueIdentifier>
    </Filter>
    <Filter Include="Object\Component\Renderer">
      <UniqueIdentifier>{eb6c9a86-aa72-4e58-b0e4-9c0a589ed0c6}</UniqueIdentifier>
    </Filter>
    <Filter Include="Resources">
      <UniqueIdentifier>{951108a8-bc3d-4972-a996-6e65f02c8fc7}</UniqueIdentifier>
    </Filter>
  </ItemGroup>
  <ItemGroup>
    <None Include="ClassDiagram.cd" />
  </ItemGroup>
</Project>