<?xml version="1.0" encoding="utf-8"?>
<Project ToolsVersion="4.0" xmlns="http://schemas.microsoft.com/developer/msbuild/2003">
  <ItemGroup>
    <ClCompile Include="EngineWindow.cpp">
      <Filter>Window</Filter>
    </ClCompile>
    <ClCompile Include="WindowImage.cpp">
      <Filter>Window</Filter>
    </ClCompile>
    <ClCompile Include="EngineInput.cpp">
      <Filter>Input</Filter>
    </ClCompile>
    <ClCompile Include="EngineSound.cpp">
      <Filter>Sound</Filter>
    </ClCompile>
  </ItemGroup>
  <ItemGroup>
    <ClInclude Include="EngineWindow.h">
      <Filter>Window</Filter>
    </ClInclude>
    <ClInclude Include="WindowImage.h">
      <Filter>Window</Filter>
    </ClInclude>
    <ClInclude Include="EngineInput.h">
      <Filter>Input</Filter>
    </ClInclude>
    <ClInclude Include="EngineSound.h">
      <Filter>Sound</Filter>
    </ClInclude>
    <ClInclude Include="C:\Program Files (x86)\FMOD SoundSystem\FMOD Studio API Windows\api\core\inc\fmod.h">
      <Filter>ThirdParty\Fmod\inc</Filter>
    </ClInclude>
    <ClInclude Include="C:\Program Files (x86)\FMOD SoundSystem\FMOD Studio API Windows\api\core\inc\fmod.hpp">
      <Filter>ThirdParty\Fmod\inc</Filter>
    </ClInclude>
    <ClInclude Include="C:\Program Files (x86)\FMOD SoundSystem\FMOD Studio API Windows\api\core\inc\fmod_codec.h">
      <Filter>ThirdParty\Fmod\inc</Filter>
    </ClInclude>
    <ClInclude Include="C:\Program Files (x86)\FMOD SoundSystem\FMOD Studio API Windows\api\core\inc\fmod_common.h">
      <Filter>ThirdParty\Fmod\inc</Filter>
    </ClInclude>
    <ClInclude Include="C:\Program Files (x86)\FMOD SoundSystem\FMOD Studio API Windows\api\core\inc\fmod_dsp.h">
      <Filter>ThirdParty\Fmod\inc</Filter>
    </ClInclude>
    <ClInclude Include="C:\Program Files (x86)\FMOD SoundSystem\FMOD Studio API Windows\api\core\inc\fmod_dsp_effects.h">
      <Filter>ThirdParty\Fmod\inc</Filter>
    </ClInclude>
    <ClInclude Include="C:\Program Files (x86)\FMOD SoundSystem\FMOD Studio API Windows\api\core\inc\fmod_errors.h">
      <Filter>ThirdParty\Fmod\inc</Filter>
    </ClInclude>
    <ClInclude Include="C:\Program Files (x86)\FMOD SoundSystem\FMOD Studio API Windows\api\core\inc\fmod_output.h">
      <Filter>ThirdParty\Fmod\inc</Filter>
    </ClInclude>
  </ItemGroup>
  <ItemGroup>
    <Filter Include="Input">
      <UniqueIdentifier>{069a69df-7353-4878-a288-dd576d850ca5}</UniqueIdentifier>
    </Filter>
    <Filter Include="Window">
      <UniqueIdentifier>{72b0ff96-e75a-487b-ac2c-8c4bac8f0164}</UniqueIdentifier>
    </Filter>
    <Filter Include="Sound">
      <UniqueIdentifier>{c9d8a702-8804-4aef-9882-adbdfa092df7}</UniqueIdentifier>
    </Filter>
    <Filter Include="ThirdParty">
      <UniqueIdentifier>{9df635a7-5cba-485d-a51b-392c79aacd02}</UniqueIdentifier>
    </Filter>
    <Filter Include="ThirdParty\Fmod">
      <UniqueIdentifier>{8d902701-ce9f-4082-8b9e-cedbef0c23cd}</UniqueIdentifier>
    </Filter>
    <Filter Include="ThirdParty\Fmod\inc">
      <UniqueIdentifier>{aa198575-e55f-41e7-a307-17e1058885ee}</UniqueIdentifier>
    </Filter>
    <Filter Include="ThirdParty\Fmod\Debug">
      <UniqueIdentifier>{8d96664e-d27f-42fc-a5d9-aaf509d6e806}</UniqueIdentifier>
    </Filter>
    <Filter Include="ThirdParty\Fmod\Release">
      <UniqueIdentifier>{ae337f5e-5e85-4de1-9d09-524869fae5ff}</UniqueIdentifier>
    </Filter>
  </ItemGroup>
  <ItemGroup>
    <CopyFileToFolders Include="C:\Program Files (x86)\FMOD SoundSystem\FMOD Studio API Windows\api\core\lib\x64\fmodL.dll">
      <Filter>ThirdParty\Fmod\Debug</Filter>
    </CopyFileToFolders>
    <CopyFileToFolders Include="C:\Program Files (x86)\FMOD SoundSystem\FMOD Studio API Windows\api\core\lib\x64\fmodL_vc.lib">
      <Filter>ThirdParty\Fmod\Debug</Filter>
    </CopyFileToFolders>
    <CopyFileToFolders Include="C:\Program Files (x86)\FMOD SoundSystem\FMOD Studio API Windows\api\core\lib\x64\fmod.dll">
      <Filter>ThirdParty\Fmod\Release</Filter>
    </CopyFileToFolders>
    <CopyFileToFolders Include="C:\Program Files (x86)\FMOD SoundSystem\FMOD Studio API Windows\api\core\lib\x64\fmod_vc.lib">
      <Filter>ThirdParty\Fmod\Release</Filter>
    </CopyFileToFolders>
  </ItemGroup>
</Project>