<?xml version="1.0" encoding="utf-8"?>
<Project ToolsVersion="4.0" xmlns="http://schemas.microsoft.com/developer/msbuild/2003">
  <ItemGroup>
    <ClInclude Include="EngineString.h">
      <Filter>String</Filter>
    </ClInclude>
    <ClInclude Include="EngineDebug.h">
      <Filter>Debug</Filter>
    </ClInclude>
    <ClInclude Include="FTransform.h">
      <Filter>Math</Filter>
    </ClInclude>
    <ClInclude Include="EngineMath.h">
      <Filter>Math</Filter>
    </ClInclude>
  </ItemGroup>
  <ItemGroup>
    <ClCompile Include="EngineString.cpp">
      <Filter>String</Filter>
    </ClCompile>
    <ClCompile Include="EngineDebug.cpp">
      <Filter>Debug</Filter>
    </ClCompile>
    <ClCompile Include="FTransform.cpp">
      <Filter>Math</Filter>
    </ClCompile>
    <ClCompile Include="EngineMath.cpp">
      <Filter>Math</Filter>
    </ClCompile>
  </ItemGroup>
  <ItemGroup>
    <Filter Include="String">
      <UniqueIdentifier>{4153f489-a7e4-4846-93a4-1d2172b187bf}</UniqueIdentifier>
    </Filter>
    <Filter Include="Debug">
      <UniqueIdentifier>{0ce714ef-bc6c-4d94-85a4-77c0968fab06}</UniqueIdentifier>
    </Filter>
    <Filter Include="Math">
      <UniqueIdentifier>{4a002904-88da-4bab-87d3-ad20d9e1a054}</UniqueIdentifier>
    </Filter>
  </ItemGroup>
</Project>